// !$*UTF8*$!
{
	archiveVersion = 1;
	classes = {
	};
	objectVersion = 48;
	objects = {

/* Begin PBXBuildFile section */
		230B87ED2106935000FD5687 /* AppDelegate.swift in Sources */ = {isa = PBXBuildFile; fileRef = 230B87EC2106935000FD5687 /* AppDelegate.swift */; };
		230B87EF2106935000FD5687 /* ViewController.swift in Sources */ = {isa = PBXBuildFile; fileRef = 230B87EE2106935000FD5687 /* ViewController.swift */; };
		230B87F22106935000FD5687 /* Main.storyboard in Resources */ = {isa = PBXBuildFile; fileRef = 230B87F02106935000FD5687 /* Main.storyboard */; };
		230B87F52106935000FD5687 /* Dept_Rates.xcdatamodeld in Sources */ = {isa = PBXBuildFile; fileRef = 230B87F32106935000FD5687 /* Dept_Rates.xcdatamodeld */; };
		230B87F72106935000FD5687 /* Assets.xcassets in Resources */ = {isa = PBXBuildFile; fileRef = 230B87F62106935000FD5687 /* Assets.xcassets */; };
		230B87FA2106935000FD5687 /* LaunchScreen.storyboard in Resources */ = {isa = PBXBuildFile; fileRef = 230B87F82106935000FD5687 /* LaunchScreen.storyboard */; };
		230B880421069D1100FD5687 /* StartScreenViewController.swift in Sources */ = {isa = PBXBuildFile; fileRef = 230B880321069D1100FD5687 /* StartScreenViewController.swift */; };
		230B880821069D7A00FD5687 /* DiscoverSearchViewController.swift in Sources */ = {isa = PBXBuildFile; fileRef = 230B880721069D7A00FD5687 /* DiscoverSearchViewController.swift */; };
		230B880A21069D9D00FD5687 /* DisplayAllInfoViewController.swift in Sources */ = {isa = PBXBuildFile; fileRef = 230B880921069D9D00FD5687 /* DisplayAllInfoViewController.swift */; };
		23331DF42107D07B00950644 /* School.swift in Sources */ = {isa = PBXBuildFile; fileRef = 23331DF32107D07B00950644 /* School.swift */; };
		23331DF72107E0DC00950644 /* NetworkServices.swift in Sources */ = {isa = PBXBuildFile; fileRef = 23331DF62107E0DC00950644 /* NetworkServices.swift */; };
		23331E04210A2B4200950644 /* SchoolTableViewCell.swift in Sources */ = {isa = PBXBuildFile; fileRef = 23331E03210A2B4200950644 /* SchoolTableViewCell.swift */; };
		23331E0A210BD79F00950644 /* FavoritesTableViewCell.swift in Sources */ = {isa = PBXBuildFile; fileRef = 23331E09210BD79F00950644 /* FavoritesTableViewCell.swift */; };
		235E209621112232009D4E22 /* school.json in Resources */ = {isa = PBXBuildFile; fileRef = 235E209521112232009D4E22 /* school.json */; };
		235E209821125C5A009D4E22 /* FavoritesViewController.swift in Sources */ = {isa = PBXBuildFile; fileRef = 235E209721125C5A009D4E22 /* FavoritesViewController.swift */; };
		79FD39C438E20A79EA1F13B3 /* Pods_Dept_Rates.framework in Frameworks */ = {isa = PBXBuildFile; fileRef = AE9C0EC4444A998BDEE15547 /* Pods_Dept_Rates.framework */; };
/* End PBXBuildFile section */

/* Begin PBXFileReference section */
		230B87E92106935000FD5687 /* Dept-Rates.app */ = {isa = PBXFileReference; explicitFileType = wrapper.application; includeInIndex = 0; path = "Dept-Rates.app"; sourceTree = BUILT_PRODUCTS_DIR; };
		230B87EC2106935000FD5687 /* AppDelegate.swift */ = {isa = PBXFileReference; lastKnownFileType = sourcecode.swift; path = AppDelegate.swift; sourceTree = "<group>"; };
		230B87EE2106935000FD5687 /* ViewController.swift */ = {isa = PBXFileReference; lastKnownFileType = sourcecode.swift; path = ViewController.swift; sourceTree = "<group>"; };
		230B87F12106935000FD5687 /* Base */ = {isa = PBXFileReference; lastKnownFileType = file.storyboard; name = Base; path = Base.lproj/Main.storyboard; sourceTree = "<group>"; };
		230B87F42106935000FD5687 /* Dept_Rates.xcdatamodel */ = {isa = PBXFileReference; lastKnownFileType = wrapper.xcdatamodel; path = Dept_Rates.xcdatamodel; sourceTree = "<group>"; };
		230B87F62106935000FD5687 /* Assets.xcassets */ = {isa = PBXFileReference; lastKnownFileType = folder.assetcatalog; path = Assets.xcassets; sourceTree = "<group>"; };
		230B87F92106935000FD5687 /* Base */ = {isa = PBXFileReference; lastKnownFileType = file.storyboard; name = Base; path = Base.lproj/LaunchScreen.storyboard; sourceTree = "<group>"; };
		230B87FB2106935000FD5687 /* Info.plist */ = {isa = PBXFileReference; lastKnownFileType = text.plist.xml; path = Info.plist; sourceTree = "<group>"; };
		230B880321069D1100FD5687 /* StartScreenViewController.swift */ = {isa = PBXFileReference; lastKnownFileType = sourcecode.swift; path = StartScreenViewController.swift; sourceTree = "<group>"; };
		230B880721069D7A00FD5687 /* DiscoverSearchViewController.swift */ = {isa = PBXFileReference; lastKnownFileType = sourcecode.swift; path = DiscoverSearchViewController.swift; sourceTree = "<group>"; };
		230B880921069D9D00FD5687 /* DisplayAllInfoViewController.swift */ = {isa = PBXFileReference; lastKnownFileType = sourcecode.swift; path = DisplayAllInfoViewController.swift; sourceTree = "<group>"; };
		23331DF32107D07B00950644 /* School.swift */ = {isa = PBXFileReference; lastKnownFileType = sourcecode.swift; path = School.swift; sourceTree = "<group>"; };
		23331DF62107E0DC00950644 /* NetworkServices.swift */ = {isa = PBXFileReference; lastKnownFileType = sourcecode.swift; path = NetworkServices.swift; sourceTree = "<group>"; };
		23331E03210A2B4200950644 /* SchoolTableViewCell.swift */ = {isa = PBXFileReference; lastKnownFileType = sourcecode.swift; path = SchoolTableViewCell.swift; sourceTree = "<group>"; };
		23331E09210BD79F00950644 /* FavoritesTableViewCell.swift */ = {isa = PBXFileReference; lastKnownFileType = sourcecode.swift; path = FavoritesTableViewCell.swift; sourceTree = "<group>"; };
		235E209521112232009D4E22 /* school.json */ = {isa = PBXFileReference; fileEncoding = 4; lastKnownFileType = text.json; name = school.json; path = "../../../JSON-API-Swift-Starter-swift4/API-Sandbox/JSON/school.json"; sourceTree = "<group>"; };
		235E209721125C5A009D4E22 /* FavoritesViewController.swift */ = {isa = PBXFileReference; lastKnownFileType = sourcecode.swift; path = FavoritesViewController.swift; sourceTree = "<group>"; };
		635D64F47EF4B30B0A52769B /* Pods-Dept-Rates.release.xcconfig */ = {isa = PBXFileReference; includeInIndex = 1; lastKnownFileType = text.xcconfig; name = "Pods-Dept-Rates.release.xcconfig"; path = "Pods/Target Support Files/Pods-Dept-Rates/Pods-Dept-Rates.release.xcconfig"; sourceTree = "<group>"; };
		AE9C0EC4444A998BDEE15547 /* Pods_Dept_Rates.framework */ = {isa = PBXFileReference; explicitFileType = wrapper.framework; includeInIndex = 0; path = Pods_Dept_Rates.framework; sourceTree = BUILT_PRODUCTS_DIR; };
		E79E8498FFC06B536BFE4E33 /* Pods-Dept-Rates.debug.xcconfig */ = {isa = PBXFileReference; includeInIndex = 1; lastKnownFileType = text.xcconfig; name = "Pods-Dept-Rates.debug.xcconfig"; path = "Pods/Target Support Files/Pods-Dept-Rates/Pods-Dept-Rates.debug.xcconfig"; sourceTree = "<group>"; };
/* End PBXFileReference section */

/* Begin PBXFrameworksBuildPhase section */
		230B87E62106935000FD5687 /* Frameworks */ = {
			isa = PBXFrameworksBuildPhase;
			buildActionMask = 2147483647;
			files = (
				79FD39C438E20A79EA1F13B3 /* Pods_Dept_Rates.framework in Frameworks */,
			);
			runOnlyForDeploymentPostprocessing = 0;
		};
/* End PBXFrameworksBuildPhase section */

/* Begin PBXGroup section */
		230B87E02106935000FD5687 = {
			isa = PBXGroup;
			children = (
				230B87EB2106935000FD5687 /* Dept-Rates */,
				230B87EA2106935000FD5687 /* Products */,
				954874C1B58753CC0F4F025F /* Pods */,
				F5B9C9D6B581CC0779EC040D /* Frameworks */,
			);
			sourceTree = "<group>";
		};
		230B87EA2106935000FD5687 /* Products */ = {
			isa = PBXGroup;
			children = (
				230B87E92106935000FD5687 /* Dept-Rates.app */,
			);
			name = Products;
			sourceTree = "<group>";
		};
		230B87EB2106935000FD5687 /* Dept-Rates */ = {
			isa = PBXGroup;
			children = (
				230B87EE2106935000FD5687 /* ViewController.swift */,
				23331DF82107E1B800950644 /* Models */,
				23331DF52107E0C500950644 /* Network */,
				230B87EC2106935000FD5687 /* AppDelegate.swift */,
				235E209721125C5A009D4E22 /* FavoritesViewController.swift */,
				23331E09210BD79F00950644 /* FavoritesTableViewCell.swift */,
				230B87F02106935000FD5687 /* Main.storyboard */,
				23331E03210A2B4200950644 /* SchoolTableViewCell.swift */,
				230B880721069D7A00FD5687 /* DiscoverSearchViewController.swift */,
				230B880921069D9D00FD5687 /* DisplayAllInfoViewController.swift */,
				230B880321069D1100FD5687 /* StartScreenViewController.swift */,
				230B87F62106935000FD5687 /* Assets.xcassets */,
				230B87F82106935000FD5687 /* LaunchScreen.storyboard */,
				230B87FB2106935000FD5687 /* Info.plist */,
				230B87F32106935000FD5687 /* Dept_Rates.xcdatamodeld */,
				23331DF32107D07B00950644 /* School.swift */,
			);
			path = "Dept-Rates";
			sourceTree = "<group>";
		};
		23331DF52107E0C500950644 /* Network */ = {
			isa = PBXGroup;
			children = (
				23331DF62107E0DC00950644 /* NetworkServices.swift */,
			);
			path = Network;
			sourceTree = "<group>";
		};
		23331DF82107E1B800950644 /* Models */ = {
			isa = PBXGroup;
			children = (
				235E209521112232009D4E22 /* school.json */,
			);
			path = Models;
			sourceTree = "<group>";
		};
		954874C1B58753CC0F4F025F /* Pods */ = {
			isa = PBXGroup;
			children = (
				E79E8498FFC06B536BFE4E33 /* Pods-Dept-Rates.debug.xcconfig */,
				635D64F47EF4B30B0A52769B /* Pods-Dept-Rates.release.xcconfig */,
			);
			name = Pods;
			sourceTree = "<group>";
		};
		F5B9C9D6B581CC0779EC040D /* Frameworks */ = {
			isa = PBXGroup;
			children = (
				AE9C0EC4444A998BDEE15547 /* Pods_Dept_Rates.framework */,
			);
			name = Frameworks;
			sourceTree = "<group>";
		};
/* End PBXGroup section */

/* Begin PBXNativeTarget section */
		230B87E82106935000FD5687 /* Dept-Rates */ = {
			isa = PBXNativeTarget;
			buildConfigurationList = 230B87FE2106935000FD5687 /* Build configuration list for PBXNativeTarget "Dept-Rates" */;
			buildPhases = (
				2569E30FC30F5CEE95A08039 /* [CP] Check Pods Manifest.lock */,
				230B87E52106935000FD5687 /* Sources */,
				230B87E62106935000FD5687 /* Frameworks */,
				230B87E72106935000FD5687 /* Resources */,
				E5318AEDA73D0AB41CA724D3 /* [CP] Embed Pods Frameworks */,
			);
			buildRules = (
			);
			dependencies = (
			);
			name = "Dept-Rates";
			productName = "Dept-Rates";
			productReference = 230B87E92106935000FD5687 /* Dept-Rates.app */;
			productType = "com.apple.product-type.application";
		};
/* End PBXNativeTarget section */

/* Begin PBXProject section */
		230B87E12106935000FD5687 /* Project object */ = {
			isa = PBXProject;
			attributes = {
				LastSwiftUpdateCheck = 0920;
				LastUpgradeCheck = 0920;
				ORGANIZATIONNAME = "Tania Ortiz-Rosales";
				TargetAttributes = {
					230B87E82106935000FD5687 = {
						CreatedOnToolsVersion = 9.2;
						ProvisioningStyle = Automatic;
					};
				};
			};
			buildConfigurationList = 230B87E42106935000FD5687 /* Build configuration list for PBXProject "Dept-Rates" */;
			compatibilityVersion = "Xcode 8.0";
			developmentRegion = en;
			hasScannedForEncodings = 0;
			knownRegions = (
				en,
				Base,
			);
			mainGroup = 230B87E02106935000FD5687;
			productRefGroup = 230B87EA2106935000FD5687 /* Products */;
			projectDirPath = "";
			projectRoot = "";
			targets = (
				230B87E82106935000FD5687 /* Dept-Rates */,
			);
		};
/* End PBXProject section */

/* Begin PBXResourcesBuildPhase section */
		230B87E72106935000FD5687 /* Resources */ = {
			isa = PBXResourcesBuildPhase;
			buildActionMask = 2147483647;
			files = (
				230B87FA2106935000FD5687 /* LaunchScreen.storyboard in Resources */,
				235E209621112232009D4E22 /* school.json in Resources */,
				230B87F72106935000FD5687 /* Assets.xcassets in Resources */,
				230B87F22106935000FD5687 /* Main.storyboard in Resources */,
			);
			runOnlyForDeploymentPostprocessing = 0;
		};
/* End PBXResourcesBuildPhase section */

/* Begin PBXShellScriptBuildPhase section */
		2569E30FC30F5CEE95A08039 /* [CP] Check Pods Manifest.lock */ = {
			isa = PBXShellScriptBuildPhase;
			buildActionMask = 2147483647;
			files = (
			);
			inputPaths = (
				"${PODS_PODFILE_DIR_PATH}/Podfile.lock",
				"${PODS_ROOT}/Manifest.lock",
			);
			name = "[CP] Check Pods Manifest.lock";
			outputPaths = (
				"$(DERIVED_FILE_DIR)/Pods-Dept-Rates-checkManifestLockResult.txt",
			);
			runOnlyForDeploymentPostprocessing = 0;
			shellPath = /bin/sh;
			shellScript = "diff \"${PODS_PODFILE_DIR_PATH}/Podfile.lock\" \"${PODS_ROOT}/Manifest.lock\" > /dev/null\nif [ $? != 0 ] ; then\n    # print error to STDERR\n    echo \"error: The sandbox is not in sync with the Podfile.lock. Run 'pod install' or update your CocoaPods installation.\" >&2\n    exit 1\nfi\n# This output is used by Xcode 'outputs' to avoid re-running this script phase.\necho \"SUCCESS\" > \"${SCRIPT_OUTPUT_FILE_0}\"\n";
			showEnvVarsInLog = 0;
		};
		E5318AEDA73D0AB41CA724D3 /* [CP] Embed Pods Frameworks */ = {
			isa = PBXShellScriptBuildPhase;
			buildActionMask = 2147483647;
			files = (
			);
			inputPaths = (
				"${SRCROOT}/Pods/Target Support Files/Pods-Dept-Rates/Pods-Dept-Rates-frameworks.sh",
				"${BUILT_PRODUCTS_DIR}/Alamofire/Alamofire.framework",
				"${BUILT_PRODUCTS_DIR}/SwiftyJSON/SwiftyJSON.framework",
			);
			name = "[CP] Embed Pods Frameworks";
			outputPaths = (
				"${TARGET_BUILD_DIR}/${FRAMEWORKS_FOLDER_PATH}/Alamofire.framework",
				"${TARGET_BUILD_DIR}/${FRAMEWORKS_FOLDER_PATH}/SwiftyJSON.framework",
			);
			runOnlyForDeploymentPostprocessing = 0;
			shellPath = /bin/sh;
			shellScript = "\"${SRCROOT}/Pods/Target Support Files/Pods-Dept-Rates/Pods-Dept-Rates-frameworks.sh\"\n";
			showEnvVarsInLog = 0;
		};
/* End PBXShellScriptBuildPhase section */

/* Begin PBXSourcesBuildPhase section */
		230B87E52106935000FD5687 /* Sources */ = {
			isa = PBXSourcesBuildPhase;
			buildActionMask = 2147483647;
			files = (
				23331DF42107D07B00950644 /* School.swift in Sources */,
				230B87EF2106935000FD5687 /* ViewController.swift in Sources */,
				230B880A21069D9D00FD5687 /* DisplayAllInfoViewController.swift in Sources */,
				230B880821069D7A00FD5687 /* DiscoverSearchViewController.swift in Sources */,
				230B87ED2106935000FD5687 /* AppDelegate.swift in Sources */,
				23331E0A210BD79F00950644 /* FavoritesTableViewCell.swift in Sources */,
				235E209821125C5A009D4E22 /* FavoritesViewController.swift in Sources */,
				230B87F52106935000FD5687 /* Dept_Rates.xcdatamodeld in Sources */,
				23331DF72107E0DC00950644 /* NetworkServices.swift in Sources */,
				23331E04210A2B4200950644 /* SchoolTableViewCell.swift in Sources */,
				230B880421069D1100FD5687 /* StartScreenViewController.swift in Sources */,
			);
			runOnlyForDeploymentPostprocessing = 0;
		};
/* End PBXSourcesBuildPhase section */

/* Begin PBXVariantGroup section */
		230B87F02106935000FD5687 /* Main.storyboard */ = {
			isa = PBXVariantGroup;
			children = (
				230B87F12106935000FD5687 /* Base */,
			);
			name = Main.storyboard;
			sourceTree = "<group>";
		};
		230B87F82106935000FD5687 /* LaunchScreen.storyboard */ = {
			isa = PBXVariantGroup;
			children = (
				230B87F92106935000FD5687 /* Base */,
			);
			name = LaunchScreen.storyboard;
			sourceTree = "<group>";
		};
/* End PBXVariantGroup section */

/* Begin XCBuildConfiguration section */
		230B87FC2106935000FD5687 /* Debug */ = {
			isa = XCBuildConfiguration;
			buildSettings = {
				ALWAYS_SEARCH_USER_PATHS = NO;
				CLANG_ANALYZER_NONNULL = YES;
				CLANG_ANALYZER_NUMBER_OBJECT_CONVERSION = YES_AGGRESSIVE;
				CLANG_CXX_LANGUAGE_STANDARD = "gnu++14";
				CLANG_CXX_LIBRARY = "libc++";
				CLANG_ENABLE_MODULES = YES;
				CLANG_ENABLE_OBJC_ARC = YES;
				CLANG_WARN_BLOCK_CAPTURE_AUTORELEASING = YES;
				CLANG_WARN_BOOL_CONVERSION = YES;
				CLANG_WARN_COMMA = YES;
				CLANG_WARN_CONSTANT_CONVERSION = YES;
				CLANG_WARN_DIRECT_OBJC_ISA_USAGE = YES_ERROR;
				CLANG_WARN_DOCUMENTATION_COMMENTS = YES;
				CLANG_WARN_EMPTY_BODY = YES;
				CLANG_WARN_ENUM_CONVERSION = YES;
				CLANG_WARN_INFINITE_RECURSION = YES;
				CLANG_WARN_INT_CONVERSION = YES;
				CLANG_WARN_NON_LITERAL_NULL_CONVERSION = YES;
				CLANG_WARN_OBJC_LITERAL_CONVERSION = YES;
				CLANG_WARN_OBJC_ROOT_CLASS = YES_ERROR;
				CLANG_WARN_RANGE_LOOP_ANALYSIS = YES;
				CLANG_WARN_STRICT_PROTOTYPES = YES;
				CLANG_WARN_SUSPICIOUS_MOVE = YES;
				CLANG_WARN_UNGUARDED_AVAILABILITY = YES_AGGRESSIVE;
				CLANG_WARN_UNREACHABLE_CODE = YES;
				CLANG_WARN__DUPLICATE_METHOD_MATCH = YES;
				CODE_SIGN_IDENTITY = "iPhone Developer";
				COPY_PHASE_STRIP = NO;
				DEBUG_INFORMATION_FORMAT = dwarf;
				ENABLE_STRICT_OBJC_MSGSEND = YES;
				ENABLE_TESTABILITY = YES;
				GCC_C_LANGUAGE_STANDARD = gnu11;
				GCC_DYNAMIC_NO_PIC = NO;
				GCC_NO_COMMON_BLOCKS = YES;
				GCC_OPTIMIZATION_LEVEL = 0;
				GCC_PREPROCESSOR_DEFINITIONS = (
					"DEBUG=1",
					"$(inherited)",
				);
				GCC_WARN_64_TO_32_BIT_CONVERSION = YES;
				GCC_WARN_ABOUT_RETURN_TYPE = YES_ERROR;
				GCC_WARN_UNDECLARED_SELECTOR = YES;
				GCC_WARN_UNINITIALIZED_AUTOS = YES_AGGRESSIVE;
				GCC_WARN_UNUSED_FUNCTION = YES;
				GCC_WARN_UNUSED_VARIABLE = YES;
				IPHONEOS_DEPLOYMENT_TARGET = 11.2;
				MTL_ENABLE_DEBUG_INFO = YES;
				ONLY_ACTIVE_ARCH = YES;
				SDKROOT = iphoneos;
				SWIFT_ACTIVE_COMPILATION_CONDITIONS = DEBUG;
				SWIFT_OPTIMIZATION_LEVEL = "-Onone";
			};
			name = Debug;
		};
		230B87FD2106935000FD5687 /* Release */ = {
			isa = XCBuildConfiguration;
			buildSettings = {
				ALWAYS_SEARCH_USER_PATHS = NO;
				CLANG_ANALYZER_NONNULL = YES;
				CLANG_ANALYZER_NUMBER_OBJECT_CONVERSION = YES_AGGRESSIVE;
				CLANG_CXX_LANGUAGE_STANDARD = "gnu++14";
				CLANG_CXX_LIBRARY = "libc++";
				CLANG_ENABLE_MODULES = YES;
				CLANG_ENABLE_OBJC_ARC = YES;
				CLANG_WARN_BLOCK_CAPTURE_AUTORELEASING = YES;
				CLANG_WARN_BOOL_CONVERSION = YES;
				CLANG_WARN_COMMA = YES;
				CLANG_WARN_CONSTANT_CONVERSION = YES;
				CLANG_WARN_DIRECT_OBJC_ISA_USAGE = YES_ERROR;
				CLANG_WARN_DOCUMENTATION_COMMENTS = YES;
				CLANG_WARN_EMPTY_BODY = YES;
				CLANG_WARN_ENUM_CONVERSION = YES;
				CLANG_WARN_INFINITE_RECURSION = YES;
				CLANG_WARN_INT_CONVERSION = YES;
				CLANG_WARN_NON_LITERAL_NULL_CONVERSION = YES;
				CLANG_WARN_OBJC_LITERAL_CONVERSION = YES;
				CLANG_WARN_OBJC_ROOT_CLASS = YES_ERROR;
				CLANG_WARN_RANGE_LOOP_ANALYSIS = YES;
				CLANG_WARN_STRICT_PROTOTYPES = YES;
				CLANG_WARN_SUSPICIOUS_MOVE = YES;
				CLANG_WARN_UNGUARDED_AVAILABILITY = YES_AGGRESSIVE;
				CLANG_WARN_UNREACHABLE_CODE = YES;
				CLANG_WARN__DUPLICATE_METHOD_MATCH = YES;
				CODE_SIGN_IDENTITY = "iPhone Developer";
				COPY_PHASE_STRIP = NO;
				DEBUG_INFORMATION_FORMAT = "dwarf-with-dsym";
				ENABLE_NS_ASSERTIONS = NO;
				ENABLE_STRICT_OBJC_MSGSEND = YES;
				GCC_C_LANGUAGE_STANDARD = gnu11;
				GCC_NO_COMMON_BLOCKS = YES;
				GCC_WARN_64_TO_32_BIT_CONVERSION = YES;
				GCC_WARN_ABOUT_RETURN_TYPE = YES_ERROR;
				GCC_WARN_UNDECLARED_SELECTOR = YES;
				GCC_WARN_UNINITIALIZED_AUTOS = YES_AGGRESSIVE;
				GCC_WARN_UNUSED_FUNCTION = YES;
				GCC_WARN_UNUSED_VARIABLE = YES;
				IPHONEOS_DEPLOYMENT_TARGET = 11.2;
				MTL_ENABLE_DEBUG_INFO = NO;
				SDKROOT = iphoneos;
				SWIFT_OPTIMIZATION_LEVEL = "-Owholemodule";
				VALIDATE_PRODUCT = YES;
			};
			name = Release;
		};
		230B87FF2106935000FD5687 /* Debug */ = {
			isa = XCBuildConfiguration;
			baseConfigurationReference = E79E8498FFC06B536BFE4E33 /* Pods-Dept-Rates.debug.xcconfig */;
			buildSettings = {
				ASSETCATALOG_COMPILER_APPICON_NAME = AppIcon;
				CODE_SIGN_STYLE = Automatic;
				DEVELOPMENT_TEAM = 7TWMQK59FS;
				INFOPLIST_FILE = "Dept-Rates/Info.plist";
				LD_RUNPATH_SEARCH_PATHS = "$(inherited) @executable_path/Frameworks";
				PRODUCT_BUNDLE_IDENTIFIER = "com.Tania.Dept-Rates";
				PRODUCT_NAME = "$(TARGET_NAME)";
				SWIFT_VERSION = 4.0;
				TARGETED_DEVICE_FAMILY = "1,2";
			};
			name = Debug;
		};
		230B88002106935000FD5687 /* Release */ = {
			isa = XCBuildConfiguration;
			baseConfigurationReference = 635D64F47EF4B30B0A52769B /* Pods-Dept-Rates.release.xcconfig */;
			buildSettings = {
				ASSETCATALOG_COMPILER_APPICON_NAME = AppIcon;
				CODE_SIGN_STYLE = Automatic;
				DEVELOPMENT_TEAM = 7TWMQK59FS;
				INFOPLIST_FILE = "Dept-Rates/Info.plist";
				LD_RUNPATH_SEARCH_PATHS = "$(inherited) @executable_path/Frameworks";
				PRODUCT_BUNDLE_IDENTIFIER = "com.Tania.Dept-Rates";
				PRODUCT_NAME = "$(TARGET_NAME)";
				SWIFT_VERSION = 4.0;
				TARGETED_DEVICE_FAMILY = "1,2";
			};
			name = Release;
		};
/* End XCBuildConfiguration section */

/* Begin XCConfigurationList section */
		230B87E42106935000FD5687 /* Build configuration list for PBXProject "Dept-Rates" */ = {
			isa = XCConfigurationList;
			buildConfigurations = (
				230B87FC2106935000FD5687 /* Debug */,
				230B87FD2106935000FD5687 /* Release */,
			);
			defaultConfigurationIsVisible = 0;
			defaultConfigurationName = Release;
		};
		230B87FE2106935000FD5687 /* Build configuration list for PBXNativeTarget "Dept-Rates" */ = {
			isa = XCConfigurationList;
			buildConfigurations = (
				230B87FF2106935000FD5687 /* Debug */,
				230B88002106935000FD5687 /* Release */,
			);
			defaultConfigurationIsVisible = 0;
			defaultConfigurationName = Release;
		};
/* End XCConfigurationList section */

/* Begin XCVersionGroup section */
		230B87F32106935000FD5687 /* Dept_Rates.xcdatamodeld */ = {
			isa = XCVersionGroup;
			children = (
				230B87F42106935000FD5687 /* Dept_Rates.xcdatamodel */,
			);
			currentVersion = 230B87F42106935000FD5687 /* Dept_Rates.xcdatamodel */;
			path = Dept_Rates.xcdatamodeld;
			sourceTree = "<group>";
			versionGroupType = wrapper.xcdatamodel;
		};
/* End XCVersionGroup section */
	};
	rootObject = 230B87E12106935000FD5687 /* Project object */;
}
